
Microsoft Visual Studio Solution File, Format Version 12.00
# Visual Studio Version 17
VisualStudioVersion = 17.9.34728.123
MinimumVisualStudioVersion = 10.0.40219.1
Project("{9A19103F-16F7-4668-BE54-9A1E7A4F7556}") = "TowerNxt.WPF", "TowerNxt.WPF\TowerNxt.WPF.csproj", "{F284F1BA-72F5-4421-986D-68AC8641A53D}"
EndProject
Project("{2150E333-8FDC-42A3-9474-1A3956D46DE8}") = "Aries3D", "Aries3D", "{A0164E4F-EF6A-4E09-9AE2-5A5F01C09B0A}"
EndProject
Project("{9A19103F-16F7-4668-BE54-9A1E7A4F7556}") = "Aries3D.Core", "Aries3D.Core\Aries3D.Core.csproj", "{651D7FDD-DD6B-4CD8-A6DC-FB879F1ACF68}"
EndProject
Global
	GlobalSection(SolutionConfigurationPlatforms) = preSolution
		Debug|x64 = Debug|x64
		Release|x64 = Release|x64
	EndGlobalSection
	GlobalSection(ProjectConfigurationPlatforms) = postSolution
		{F284F1BA-72F5-4421-986D-68AC8641A53D}.Debug|x64.ActiveCfg = Debug|x64
		{F284F1BA-72F5-4421-986D-68AC8641A53D}.Debug|x64.Build.0 = Debug|x64
		{F284F1BA-72F5-4421-986D-68AC8641A53D}.Release|x64.ActiveCfg = Release|x64
		{F284F1BA-72F5-4421-986D-68AC8641A53D}.Release|x64.Build.0 = Release|x64
		{651D7FDD-DD6B-4CD8-A6DC-FB879F1ACF68}.Debug|x64.ActiveCfg = Debug|x64
		{651D7FDD-DD6B-4CD8-A6DC-FB879F1ACF68}.Debug|x64.Build.0 = Debug|x64
		{651D7FDD-DD6B-4CD8-A6DC-FB879F1ACF68}.Release|x64.ActiveCfg = Release|x64
		{651D7FDD-DD6B-4CD8-A6DC-FB879F1ACF68}.Release|x64.Build.0 = Release|x64
	EndGlobalSection
	GlobalSection(SolutionProperties) = preSolution
		HideSolutionNode = FALSE
	EndGlobalSection
	GlobalSection(NestedProjects) = preSolution
		{651D7FDD-DD6B-4CD8-A6DC-FB879F1ACF68} = {A0164E4F-EF6A-4E09-9AE2-5A5F01C09B0A}
	EndGlobalSection
	GlobalSection(ExtensibilityGlobals) = postSolution
		SolutionGuid = {9E795761-F034-45AC-BA1D-B478612899DC}
	EndGlobalSection
EndGlobal
